
Microsoft Visual Studio Solution File, Format Version 12.00
# Visual Studio Version 17
VisualStudioVersion = 17.14.36310.24 d17.14
MinimumVisualStudioVersion = 10.0.40219.1
Project("{2150E333-8FDC-42A3-9474-1A3956D46DE8}") = "src", "src", "{02EA681E-C7D8-13C7-8484-4AC65E1B71E8}"
EndProject
Project("{FAE04EC0-301F-11D3-BF4B-00C04F79EFBC}") = "Auth.Api", "Auth.Api\Auth.Api.csproj", "{50EAB4D4-D4E9-4B1B-833A-C2D738F1CEB4}"
EndProject
Project("{FAE04EC0-301F-11D3-BF4B-00C04F79EFBC}") = "Auth.Core", "Auth.Core\Auth.Core.csproj", "{51E9C6B5-0637-4CB9-8DCE-4E8565420698}"
EndProject
Project("{FAE04EC0-301F-11D3-BF4B-00C04F79EFBC}") = "Auth.Infrastructure", "Auth.Infrastructure\Auth.Infrastructure.csproj", "{F55C638B-5D4D-4FA7-B94E-CC59F55BFEC3}"
EndProject
Global
	GlobalSection(SolutionConfigurationPlatforms) = preSolution
		Debug|Any CPU = Debug|Any CPU
		Release|Any CPU = Release|Any CPU
	EndGlobalSection
	GlobalSection(ProjectConfigurationPlatforms) = postSolution
		{50EAB4D4-D4E9-4B1B-833A-C2D738F1CEB4}.Debug|Any CPU.ActiveCfg = Debug|Any CPU
		{50EAB4D4-D4E9-4B1B-833A-C2D738F1CEB4}.Debug|Any CPU.Build.0 = Debug|Any CPU
		{50EAB4D4-D4E9-4B1B-833A-C2D738F1CEB4}.Release|Any CPU.ActiveCfg = Release|Any CPU
		{50EAB4D4-D4E9-4B1B-833A-C2D738F1CEB4}.Release|Any CPU.Build.0 = Release|Any CPU
		{51E9C6B5-0637-4CB9-8DCE-4E8565420698}.Debug|Any CPU.ActiveCfg = Debug|Any CPU
		{51E9C6B5-0637-4CB9-8DCE-4E8565420698}.Debug|Any CPU.Build.0 = Debug|Any CPU
		{51E9C6B5-0637-4CB9-8DCE-4E8565420698}.Release|Any CPU.ActiveCfg = Release|Any CPU
		{51E9C6B5-0637-4CB9-8DCE-4E8565420698}.Release|Any CPU.Build.0 = Release|Any CPU
		{F55C638B-5D4D-4FA7-B94E-CC59F55BFEC3}.Debug|Any CPU.ActiveCfg = Debug|Any CPU
		{F55C638B-5D4D-4FA7-B94E-CC59F55BFEC3}.Debug|Any CPU.Build.0 = Debug|Any CPU
		{F55C638B-5D4D-4FA7-B94E-CC59F55BFEC3}.Release|Any CPU.ActiveCfg = Release|Any CPU
		{F55C638B-5D4D-4FA7-B94E-CC59F55BFEC3}.Release|Any CPU.Build.0 = Release|Any CPU
	EndGlobalSection
	GlobalSection(SolutionProperties) = preSolution
		HideSolutionNode = FALSE
	EndGlobalSection
	GlobalSection(NestedProjects) = preSolution
		{50EAB4D4-D4E9-4B1B-833A-C2D738F1CEB4} = {02EA681E-C7D8-13C7-8484-4AC65E1B71E8}
		{51E9C6B5-0637-4CB9-8DCE-4E8565420698} = {02EA681E-C7D8-13C7-8484-4AC65E1B71E8}
		{F55C638B-5D4D-4FA7-B94E-CC59F55BFEC3} = {02EA681E-C7D8-13C7-8484-4AC65E1B71E8}
	EndGlobalSection
	GlobalSection(ExtensibilityGlobals) = postSolution
		SolutionGuid = {63D9D1B9-D74B-4148-BD0F-3B8FDE2416B1}
	EndGlobalSection
EndGlobal
